{
  "name": "agent-skills-installer",
  "version": "0.1.2",
  "lockfileVersion": 3,
  "requires": true,
  "packages": {
    "": {
      "name": "agent-skills-installer",
      "version": "0.1.2",
      "license": "MIT",
      "bin": {
        "agent-skills-installer": "src/cli.js"
      },
      "engines": {
        "node": ">=20.0.0"
      }
    }
  }
}
